// !$*UTF8*$!
{
	archiveVersion = 1;
	classes = {
	};
	objectVersion = 46;
	objects = {

/* Begin PBXBuildFile section */
		63FEA3D4193E888700400515 /* AppDelegate.swift in Sources */ = {isa = PBXBuildFile; fileRef = 63FEA3D3193E888700400515 /* AppDelegate.swift */; };
		63FEA3D6193E888700400515 /* ViewController.swift in Sources */ = {isa = PBXBuildFile; fileRef = 63FEA3D5193E888700400515 /* ViewController.swift */; };
		63FEA3D9193E888700400515 /* Main.storyboard in Resources */ = {isa = PBXBuildFile; fileRef = 63FEA3D7193E888700400515 /* Main.storyboard */; };
		63FEA3DB193E888700400515 /* Images.xcassets in Resources */ = {isa = PBXBuildFile; fileRef = 63FEA3DA193E888700400515 /* Images.xcassets */; };
		63FEA3E7193E888700400515 /* SwiftTweetGettrTests.swift in Sources */ = {isa = PBXBuildFile; fileRef = 63FEA3E6193E888700400515 /* SwiftTweetGettrTests.swift */; };
/* End PBXBuildFile section */

/* Begin PBXContainerItemProxy section */
		63FEA3E1193E888700400515 /* PBXContainerItemProxy */ = {
			isa = PBXContainerItemProxy;
			containerPortal = 63FEA3C6193E888700400515 /* Project object */;
			proxyType = 1;
			remoteGlobalIDString = 63FEA3CD193E888700400515;
			remoteInfo = SwiftTweetGettr;
		};
/* End PBXContainerItemProxy section */

/* Begin PBXFileReference section */
		63FEA3CE193E888700400515 /* SwiftTweetGettr.app */ = {isa = PBXFileReference; explicitFileType = wrapper.application; includeInIndex = 0; path = SwiftTweetGettr.app; sourceTree = BUILT_PRODUCTS_DIR; };
		63FEA3D2193E888700400515 /* Info.plist */ = {isa = PBXFileReference; lastKnownFileType = text.plist.xml; path = Info.plist; sourceTree = "<group>"; };
		63FEA3D3193E888700400515 /* AppDelegate.swift */ = {isa = PBXFileReference; lastKnownFileType = sourcecode.swift; path = AppDelegate.swift; sourceTree = "<group>"; };
		63FEA3D5193E888700400515 /* ViewController.swift */ = {isa = PBXFileReference; lastKnownFileType = sourcecode.swift; path = ViewController.swift; sourceTree = "<group>"; };
		63FEA3D8193E888700400515 /* Base */ = {isa = PBXFileReference; lastKnownFileType = file.storyboard; name = Base; path = Base.lproj/Main.storyboard; sourceTree = "<group>"; };
		63FEA3DA193E888700400515 /* Images.xcassets */ = {isa = PBXFileReference; lastKnownFileType = folder.assetcatalog; path = Images.xcassets; sourceTree = "<group>"; };
		63FEA3E0193E888700400515 /* SwiftTweetGettrTests.xctest */ = {isa = PBXFileReference; explicitFileType = wrapper.cfbundle; includeInIndex = 0; path = SwiftTweetGettrTests.xctest; sourceTree = BUILT_PRODUCTS_DIR; };
		63FEA3E5193E888700400515 /* Info.plist */ = {isa = PBXFileReference; lastKnownFileType = text.plist.xml; path = Info.plist; sourceTree = "<group>"; };
		63FEA3E6193E888700400515 /* SwiftTweetGettrTests.swift */ = {isa = PBXFileReference; lastKnownFileType = sourcecode.swift; path = SwiftTweetGettrTests.swift; sourceTree = "<group>"; };
/* End PBXFileReference section */

/* Begin PBXFrameworksBuildPhase section */
		63FEA3CB193E888700400515 /* Frameworks */ = {
			isa = PBXFrameworksBuildPhase;
			buildActionMask = 2147483647;
			files = (
			);
			runOnlyForDeploymentPostprocessing = 0;
		};
		63FEA3DD193E888700400515 /* Frameworks */ = {
			isa = PBXFrameworksBuildPhase;
			buildActionMask = 2147483647;
			files = (
			);
			runOnlyForDeploymentPostprocessing = 0;
		};
/* End PBXFrameworksBuildPhase section */

/* Begin PBXGroup section */
		63FEA3C5193E888700400515 = {
			isa = PBXGroup;
			children = (
				63FEA3D0193E888700400515 /* SwiftTweetGettr */,
				63FEA3E3193E888700400515 /* SwiftTweetGettrTests */,
				63FEA3CF193E888700400515 /* Products */,
			);
			sourceTree = "<group>";
		};
		63FEA3CF193E888700400515 /* Products */ = {
			isa = PBXGroup;
			children = (
				63FEA3CE193E888700400515 /* SwiftTweetGettr.app */,
				63FEA3E0193E888700400515 /* SwiftTweetGettrTests.xctest */,
			);
			name = Products;
			sourceTree = "<group>";
		};
		63FEA3D0193E888700400515 /* SwiftTweetGettr */ = {
			isa = PBXGroup;
			children = (
				63FEA3D3193E888700400515 /* AppDelegate.swift */,
				63FEA3D5193E888700400515 /* ViewController.swift */,
				63FEA3D7193E888700400515 /* Main.storyboard */,
				63FEA3DA193E888700400515 /* Images.xcassets */,
				63FEA3D1193E888700400515 /* Supporting Files */,
			);
			path = SwiftTweetGettr;
			sourceTree = "<group>";
		};
		63FEA3D1193E888700400515 /* Supporting Files */ = {
			isa = PBXGroup;
			children = (
				63FEA3D2193E888700400515 /* Info.plist */,
			);
			name = "Supporting Files";
			sourceTree = "<group>";
		};
		63FEA3E3193E888700400515 /* SwiftTweetGettrTests */ = {
			isa = PBXGroup;
			children = (
				63FEA3E6193E888700400515 /* SwiftTweetGettrTests.swift */,
				63FEA3E4193E888700400515 /* Supporting Files */,
			);
			path = SwiftTweetGettrTests;
			sourceTree = "<group>";
		};
		63FEA3E4193E888700400515 /* Supporting Files */ = {
			isa = PBXGroup;
			children = (
				63FEA3E5193E888700400515 /* Info.plist */,
			);
			name = "Supporting Files";
			sourceTree = "<group>";
		};
/* End PBXGroup section */

/* Begin PBXNativeTarget section */
		63FEA3CD193E888700400515 /* SwiftTweetGettr */ = {
			isa = PBXNativeTarget;
			buildConfigurationList = 63FEA3EA193E888700400515 /* Build configuration list for PBXNativeTarget "SwiftTweetGettr" */;
			buildPhases = (
				63FEA3CA193E888700400515 /* Sources */,
				63FEA3CB193E888700400515 /* Frameworks */,
				63FEA3CC193E888700400515 /* Resources */,
			);
			buildRules = (
			);
			dependencies = (
			);
			name = SwiftTweetGettr;
			productName = SwiftTweetGettr;
			productReference = 63FEA3CE193E888700400515 /* SwiftTweetGettr.app */;
			productType = "com.apple.product-type.application";
		};
		63FEA3DF193E888700400515 /* SwiftTweetGettrTests */ = {
			isa = PBXNativeTarget;
			buildConfigurationList = 63FEA3ED193E888700400515 /* Build configuration list for PBXNativeTarget "SwiftTweetGettrTests" */;
			buildPhases = (
				63FEA3DC193E888700400515 /* Sources */,
				63FEA3DD193E888700400515 /* Frameworks */,
				63FEA3DE193E888700400515 /* Resources */,
			);
			buildRules = (
			);
			dependencies = (
				63FEA3E2193E888700400515 /* PBXTargetDependency */,
			);
			name = SwiftTweetGettrTests;
			productName = SwiftTweetGettrTests;
			productReference = 63FEA3E0193E888700400515 /* SwiftTweetGettrTests.xctest */;
			productType = "com.apple.product-type.bundle.unit-test";
		};
/* End PBXNativeTarget section */

/* Begin PBXProject section */
		63FEA3C6193E888700400515 /* Project object */ = {
			isa = PBXProject;
			attributes = {
				LastUpgradeCheck = 0600;
				ORGANIZATIONNAME = "Jeff Menter";
				TargetAttributes = {
					63FEA3CD193E888700400515 = {
						CreatedOnToolsVersion = 6.0;
					};
					63FEA3DF193E888700400515 = {
						CreatedOnToolsVersion = 6.0;
						TestTargetID = 63FEA3CD193E888700400515;
					};
				};
			};
			buildConfigurationList = 63FEA3C9193E888700400515 /* Build configuration list for PBXProject "SwiftTweetGettr" */;
			compatibilityVersion = "Xcode 3.2";
			developmentRegion = English;
			hasScannedForEncodings = 0;
			knownRegions = (
				en,
				Base,
			);
			mainGroup = 63FEA3C5193E888700400515;
			productRefGroup = 63FEA3CF193E888700400515 /* Products */;
			projectDirPath = "";
			projectRoot = "";
			targets = (
				63FEA3CD193E888700400515 /* SwiftTweetGettr */,
				63FEA3DF193E888700400515 /* SwiftTweetGettrTests */,
			);
		};
/* End PBXProject section */

/* Begin PBXResourcesBuildPhase section */
		63FEA3CC193E888700400515 /* Resources */ = {
			isa = PBXResourcesBuildPhase;
			buildActionMask = 2147483647;
			files = (
				63FEA3D9193E888700400515 /* Main.storyboard in Resources */,
				63FEA3DB193E888700400515 /* Images.xcassets in Resources */,
			);
			runOnlyForDeploymentPostprocessing = 0;
		};
		63FEA3DE193E888700400515 /* Resources */ = {
			isa = PBXResourcesBuildPhase;
			buildActionMask = 2147483647;
			files = (
			);
			runOnlyForDeploymentPostprocessing = 0;
		};
/* End PBXResourcesBuildPhase section */

/* Begin PBXSourcesBuildPhase section */
		63FEA3CA193E888700400515 /* Sources */ = {
			isa = PBXSourcesBuildPhase;
			buildActionMask = 2147483647;
			files = (
				63FEA3D6193E888700400515 /* ViewController.swift in Sources */,
				63FEA3D4193E888700400515 /* AppDelegate.swift in Sources */,
			);
			runOnlyForDeploymentPostprocessing = 0;
		};
		63FEA3DC193E888700400515 /* Sources */ = {
			isa = PBXSourcesBuildPhase;
			buildActionMask = 2147483647;
			files = (
				63FEA3E7193E888700400515 /* SwiftTweetGettrTests.swift in Sources */,
			);
			runOnlyForDeploymentPostprocessing = 0;
		};
/* End PBXSourcesBuildPhase section */

/* Begin PBXTargetDependency section */
		63FEA3E2193E888700400515 /* PBXTargetDependency */ = {
			isa = PBXTargetDependency;
			target = 63FEA3CD193E888700400515 /* SwiftTweetGettr */;
			targetProxy = 63FEA3E1193E888700400515 /* PBXContainerItemProxy */;
		};
/* End PBXTargetDependency section */

/* Begin PBXVariantGroup section */
		63FEA3D7193E888700400515 /* Main.storyboard */ = {
			isa = PBXVariantGroup;
			children = (
				63FEA3D8193E888700400515 /* Base */,
			);
			name = Main.storyboard;
			sourceTree = "<group>";
		};
/* End PBXVariantGroup section */

/* Begin XCBuildConfiguration section */
		63FEA3E8193E888700400515 /* Debug */ = {
			isa = XCBuildConfiguration;
			buildSettings = {
				ALWAYS_SEARCH_USER_PATHS = NO;
				CLANG_CXX_LANGUAGE_STANDARD = "gnu++0x";
				CLANG_CXX_LIBRARY = "libc++";
				CLANG_ENABLE_MODULES = YES;
				CLANG_ENABLE_OBJC_ARC = YES;
				CLANG_WARN_BOOL_CONVERSION = YES;
				CLANG_WARN_CONSTANT_CONVERSION = YES;
				CLANG_WARN_DIRECT_OBJC_ISA_USAGE = YES_ERROR;
				CLANG_WARN_EMPTY_BODY = YES;
				CLANG_WARN_ENUM_CONVERSION = YES;
				CLANG_WARN_INT_CONVERSION = YES;
				CLANG_WARN_OBJC_ROOT_CLASS = YES_ERROR;
				CLANG_WARN_UNREACHABLE_CODE = YES;
				CLANG_WARN__DUPLICATE_METHOD_MATCH = YES;
				"CODE_SIGN_IDENTITY[sdk=iphoneos*]" = "iPhone Developer";
				COPY_PHASE_STRIP = NO;
				ENABLE_STRICT_OBJC_MSGSEND = YES;
				GCC_C_LANGUAGE_STANDARD = gnu99;
				GCC_DYNAMIC_NO_PIC = NO;
				GCC_OPTIMIZATION_LEVEL = 0;
				GCC_PREPROCESSOR_DEFINITIONS = (
					"DEBUG=1",
					"$(inherited)",
				);
				GCC_SYMBOLS_PRIVATE_EXTERN = NO;
				GCC_WARN_64_TO_32_BIT_CONVERSION = YES;
				GCC_WARN_ABOUT_RETURN_TYPE = YES_ERROR;
				GCC_WARN_UNDECLARED_SELECTOR = YES;
				GCC_WARN_UNINITIALIZED_AUTOS = YES_AGGRESSIVE;
				GCC_WARN_UNUSED_FUNCTION = YES;
				GCC_WARN_UNUSED_VARIABLE = YES;
				IPHONEOS_DEPLOYMENT_TARGET = 8.0;
				METAL_ENABLE_DEBUG_INFO = YES;
				ONLY_ACTIVE_ARCH = YES;
				SDKROOT = iphoneos;
				SWIFT_OPTIMIZATION_LEVEL = "-Onone";
			};
			name = Debug;
		};
		63FEA3E9193E888700400515 /* Release */ = {
			isa = XCBuildConfiguration;
			buildSettings = {
				ALWAYS_SEARCH_USER_PATHS = NO;
				CLANG_CXX_LANGUAGE_STANDARD = "gnu++0x";
				CLANG_CXX_LIBRARY = "libc++";
				CLANG_ENABLE_MODULES = YES;
				CLANG_ENABLE_OBJC_ARC = YES;
				CLANG_WARN_BOOL_CONVERSION = YES;
				CLANG_WARN_CONSTANT_CONVERSION = YES;
				CLANG_WARN_DIRECT_OBJC_ISA_USAGE = YES_ERROR;
				CLANG_WARN_EMPTY_BODY = YES;
				CLANG_WARN_ENUM_CONVERSION = YES;
				CLANG_WARN_INT_CONVERSION = YES;
				CLANG_WARN_OBJC_ROOT_CLASS = YES_ERROR;
				CLANG_WARN_UNREACHABLE_CODE = YES;
				CLANG_WARN__DUPLICATE_METHOD_MATCH = YES;
				"CODE_SIGN_IDENTITY[sdk=iphoneos*]" = "iPhone Developer";
				COPY_PHASE_STRIP = YES;
				ENABLE_NS_ASSERTIONS = NO;
				ENABLE_STRICT_OBJC_MSGSEND = YES;
				GCC_C_LANGUAGE_STANDARD = gnu99;
				GCC_WARN_64_TO_32_BIT_CONVERSION = YES;
				GCC_WARN_ABOUT_RETURN_TYPE = YES_ERROR;
				GCC_WARN_UNDECLARED_SELECTOR = YES;
				GCC_WARN_UNINITIALIZED_AUTOS = YES_AGGRESSIVE;
				GCC_WARN_UNUSED_FUNCTION = YES;
				GCC_WARN_UNUSED_VARIABLE = YES;
				IPHONEOS_DEPLOYMENT_TARGET = 8.0;
				METAL_ENABLE_DEBUG_INFO = NO;
				SDKROOT = iphoneos;
				VALIDATE_PRODUCT = YES;
			};
			name = Release;
		};
		63FEA3EB193E888700400515 /* Debug */ = {
			isa = XCBuildConfiguration;
			buildSettings = {
				ASSETCATALOG_COMPILER_APPICON_NAME = AppIcon;
				ASSETCATALOG_COMPILER_LAUNCHIMAGE_NAME = LaunchImage;
				INFOPLIST_FILE = SwiftTweetGettr/Info.plist;
				LD_RUNPATH_SEARCH_PATHS = "$(inherited) @executable_path/Frameworks";
				PRODUCT_NAME = "$(TARGET_NAME)";
			};
			name = Debug;
		};
		63FEA3EC193E888700400515 /* Release */ = {
			isa = XCBuildConfiguration;
			buildSettings = {
				ASSETCATALOG_COMPILER_APPICON_NAME = AppIcon;
				ASSETCATALOG_COMPILER_LAUNCHIMAGE_NAME = LaunchImage;
				INFOPLIST_FILE = SwiftTweetGettr/Info.plist;
				LD_RUNPATH_SEARCH_PATHS = "$(inherited) @executable_path/Frameworks";
				PRODUCT_NAME = "$(TARGET_NAME)";
			};
			name = Release;
		};
		63FEA3EE193E888700400515 /* Debug */ = {
			isa = XCBuildConfiguration;
			buildSettings = {
				BUNDLE_LOADER = "$(BUILT_PRODUCTS_DIR)/SwiftTweetGettr.app/SwiftTweetGettr";
				FRAMEWORK_SEARCH_PATHS = (
					"$(SDKROOT)/Developer/Library/Frameworks",
					"$(inherited)",
				);
				GCC_PREPROCESSOR_DEFINITIONS = (
					"DEBUG=1",
					"$(inherited)",
				);
				INFOPLIST_FILE = SwiftTweetGettrTests/Info.plist;
				LD_RUNPATH_SEARCH_PATHS = "$(inherited) @executable_path/Frameworks @loader_path/Frameworks";
				METAL_ENABLE_DEBUG_INFO = YES;
				PRODUCT_NAME = "$(TARGET_NAME)";
				TEST_HOST = "$(BUNDLE_LOADER)";
			};
			name = Debug;
		};
		63FEA3EF193E888700400515 /* Release */ = {
			isa = XCBuildConfiguration;
			buildSettings = {
				BUNDLE_LOADER = "$(BUILT_PRODUCTS_DIR)/SwiftTweetGettr.app/SwiftTweetGettr";
				FRAMEWORK_SEARCH_PATHS = (
					"$(SDKROOT)/Developer/Library/Frameworks",
					"$(inherited)",
				);
				INFOPLIST_FILE = SwiftTweetGettrTests/Info.plist;
				LD_RUNPATH_SEARCH_PATHS = "$(inherited) @executable_path/Frameworks @loader_path/Frameworks";
				METAL_ENABLE_DEBUG_INFO = NO;
				PRODUCT_NAME = "$(TARGET_NAME)";
				TEST_HOST = "$(BUNDLE_LOADER)";
			};
			name = Release;
		};
/* End XCBuildConfiguration section */

/* Begin XCConfigurationList section */
		63FEA3C9193E888700400515 /* Build configuration list for PBXProject "SwiftTweetGettr" */ = {
			isa = XCConfigurationList;
			buildConfigurations = (
				63FEA3E8193E888700400515 /* Debug */,
				63FEA3E9193E888700400515 /* Release */,
			);
			defaultConfigurationIsVisible = 0;
			defaultConfigurationName = Release;
		};
		63FEA3EA193E888700400515 /* Build configuration list for PBXNativeTarget "SwiftTweetGettr" */ = {
			isa = XCConfigurationList;
			buildConfigurations = (
				63FEA3EB193E888700400515 /* Debug */,
				63FEA3EC193E888700400515 /* Release */,
			);
			defaultConfigurationIsVisible = 0;
		};
		63FEA3ED193E888700400515 /* Build configuration list for PBXNativeTarget "SwiftTweetGettrTests" */ = {
			isa = XCConfigurationList;
			buildConfigurations = (
				63FEA3EE193E888700400515 /* Debug */,
				63FEA3EF193E888700400515 /* Release */,
			);
			defaultConfigurationIsVisible = 0;
		};
/* End XCConfigurationList section */
	};
	rootObject = 63FEA3C6193E888700400515 /* Project object */;
}
